{
  "version": 4,
  "terraform_version": "1.10.1",
  "serial": 64,
  "lineage": "a8090494-631d-a5b8-6253-12dd7c436385",
  "outputs": {
    "vm_ip": {
      "value": "192.168.240.15",
      "type": "string"
    }
  },
  "resources": [
    {
      "mode": "managed",
      "type": "local_file",
      "name": "ansible_inventory",
      "provider": "provider[\"registry.terraform.io/hashicorp/local\"]",
      "instances": [
        {
          "schema_version": 0,
          "attributes": {
            "content": "[servers]\n192.168.240.15 ansible_ssh_retries=10 ansible_ssh_timeout=30\n\n[servers:vars]\nansible_user = \"root\"\nansible_ssh_extra_args='-o StrictHostKeyChecking=no -o UserKnownHostsFile=/dev/null'\n",
            "content_base64": null,
            "content_base64sha256": "acpuA1t4bd5ivFqEpL6uoLncWnpGpY9OwKX4awF+asQ=",
            "content_base64sha512": "tiTfdp5ZJzwQiKslHJ094DPg7tPJqmMKWB+ZtuHX0QKC9iD2bm4i6YayP/4KSH6nzf7kQ1fQKk7T7DQuaza6Bg==",
            "content_md5": "c99c2b27579ca6fdce60c269f6ceef9b",
            "content_sha1": "8cd76f878be7197f83dcd75003d73ab2b3f1b309",
            "content_sha256": "69ca6e035b786dde62bc5a84a4beaea0b9dc5a7a46a58f4ec0a5f86b017e6ac4",
            "content_sha512": "b624df769e59273c1088ab251c9d3de033e0eed3c9aa630a581f99b6e1d7d10282f620f66e6e22e986b23ffe0a487ea7cdfee44357d02a4ed3ec342e6b36ba06",
            "directory_permission": "0777",
            "file_permission": "0644",
            "filename": "../ansible/inventory",
            "id": "8cd76f878be7197f83dcd75003d73ab2b3f1b309",
            "sensitive_content": null,
            "source": null
          },
          "sensitive_attributes": [
            [
              {
                "type": "get_attr",
                "value": "sensitive_content"
              }
            ]
          ],
          "dependencies": [
            "opennebula_virtual_machine.todo-vm"
          ]
        }
      ]
    },
    {
      "mode": "managed",
      "type": "opennebula_virtual_machine",
      "name": "todo-vm",
      "provider": "provider[\"registry.terraform.io/opennebula/opennebula\"]",
      "instances": [
        {
          "schema_version": 0,
          "attributes": {
            "context": {
              "NETWORK": "YES",
              "SSH_PUBLIC_KEY": "$USER[SSH_PUBLIC_KEY]",
              "START_SCRIPT": "apt update \u0026\u0026 apt upgrade -y"
            },
            "cpu": 2,
            "cpumodel": [],
            "default_tags": {
              "deployment_mode": "terraform",
              "environment": "dev"
            },
            "description": "VM for the to-do app",
            "disk": [],
            "gid": 112,
            "gname": "cl-support",
            "graphics": [],
            "group": "cl-support",
            "hard_shutdown": false,
            "id": "6504209",
            "ip": "192.168.240.15",
            "keep_nic_order": null,
            "lcmstate": 3,
            "lock": null,
            "memory": 2048,
            "name": "todo-main-machine",
            "nic": [],
            "on_disk_change": "swap",
            "os": [],
            "pending": false,
            "permissions": "660",
            "raw": [],
            "sched_ds_requirements": "",
            "sched_requirements": "",
            "state": 3,
            "tags": {
              "environment": "dev"
            },
            "tags_all": {
              "deployment_mode": "terraform",
              "environment": "dev"
            },
            "template_disk": [
              {
                "computed_cache": "",
                "computed_dev_prefix": "sd",
                "computed_discard": "",
                "computed_driver": "raw",
                "computed_io": "",
                "computed_size": 4096,
                "computed_target": "sda",
                "computed_volatile_format": "",
                "disk_id": 0,
                "image_id": 88425
              },
              {
                "computed_cache": "",
                "computed_dev_prefix": "hd",
                "computed_discard": "",
                "computed_driver": "raw",
                "computed_io": "",
                "computed_size": 20480,
                "computed_target": "sdb",
                "computed_volatile_format": "raw",
                "disk_id": 1,
                "image_id": -1
              }
            ],
            "template_id": 88538,
            "template_nic": [
              {
                "computed_dns": "",
                "computed_gateway": "",
                "computed_ip": "192.168.240.15",
                "computed_mac": "02:00:c0:a8:f0:0f",
                "computed_method": "",
                "computed_model": "",
                "computed_physical_device": "",
                "computed_security_groups": [
                  0
                ],
                "computed_virtio_queues": "",
                "network": "buildsys23",
                "network_id": 151,
                "nic_id": 0
              }
            ],
            "template_section": [],
            "template_section_names": {
              "CONTEXT": "",
              "DISK": "",
              "GRAPHICS": "",
              "NIC": "",
              "OS": ""
            },
            "template_tags": {
              "CPU": "2",
              "HYPERVISOR": "kvm",
              "INPUTS_ORDER": "",
              "MEMORY": "4096",
              "MEMORY_UNIT_COST": "MB",
              "VCPU": "4"
            },
            "timeout": 20,
            "timeouts": null,
            "uid": 403,
            "uname": "mramirez",
            "vcpu": 4,
            "vmgroup": []
          },
          "sensitive_attributes": [],
          "private": "eyJlMmJmYjczMC1lY2FhLTExZTYtOGY4OC0zNDM2M2JjN2M0YzAiOnsiY3JlYXRlIjoxMjAwMDAwMDAwMDAwLCJkZWxldGUiOjEyMDAwMDAwMDAwMDAsInVwZGF0ZSI6MTIwMDAwMDAwMDAwMH19"
        }
      ]
    }
  ],
  "check_results": null
}
